
Microsoft Visual Studio Solution File, Format Version 12.00
# Visual Studio 2012
Project("{FAE04EC0-301F-11D3-BF4B-00C04F79EFBC}") = "ExcelDnaTools", "ExcelDnaTools\ExcelDnaTools.csproj", "{E9725BBA-C950-466A-9B9B-8E56D1C5A333}"
EndProject
Project("{FAE04EC0-301F-11D3-BF4B-00C04F79EFBC}") = "ExcelDnaHost", "ExcelDnaHost\ExcelDnaHost.csproj", "{664F7E0C-6316-4E35-86FC-2D6E28F583B8}"
EndProject
Global
	GlobalSection(SolutionConfigurationPlatforms) = preSolution
		Debug|Any CPU = Debug|Any CPU
		Release|Any CPU = Release|Any CPU
	EndGlobalSection
	GlobalSection(ProjectConfigurationPlatforms) = postSolution
		{E9725BBA-C950-466A-9B9B-8E56D1C5A333}.Debug|Any CPU.ActiveCfg = Debug|Any CPU
		{E9725BBA-C950-466A-9B9B-8E56D1C5A333}.Debug|Any CPU.Build.0 = Debug|Any CPU
		{E9725BBA-C950-466A-9B9B-8E56D1C5A333}.Release|Any CPU.ActiveCfg = Release|Any CPU
		{E9725BBA-C950-466A-9B9B-8E56D1C5A333}.Release|Any CPU.Build.0 = Release|Any CPU
		{664F7E0C-6316-4E35-86FC-2D6E28F583B8}.Debug|Any CPU.ActiveCfg = Debug|Any CPU
		{664F7E0C-6316-4E35-86FC-2D6E28F583B8}.Debug|Any CPU.Build.0 = Debug|Any CPU
		{664F7E0C-6316-4E35-86FC-2D6E28F583B8}.Release|Any CPU.ActiveCfg = Release|Any CPU
		{664F7E0C-6316-4E35-86FC-2D6E28F583B8}.Release|Any CPU.Build.0 = Release|Any CPU
	EndGlobalSection
	GlobalSection(SolutionProperties) = preSolution
		HideSolutionNode = FALSE
	EndGlobalSection
EndGlobal
